
Microsoft Visual Studio Solution File, Format Version 12.00
Project("{FAE04EC0-301F-11D3-BF4B-00C04F79EFBC}") = "CSharpNetAppDevelopment", "CSharpNetAppDevelopment\CSharpNetAppDevelopment.csproj", "{6E44E572-9B53-4FB6-8FFF-DF7C0F0FA81B}"
EndProject
Project("{FAE04EC0-301F-11D3-BF4B-00C04F79EFBC}") = "Server", "001_SystemNet\01_Lecture\Server\Server.csproj", "{FF7AC558-A19C-485D-837E-C58C9DD48F60}"
EndProject
Project("{2150E333-8FDC-42A3-9474-1A3956D46DE8}") = "001_SystemNet", "001_SystemNet", "{79B43CB2-9C7F-44F8-B471-130C90675202}"
	ProjectSection(SolutionItems) = preProject
		001_SystemNet\README.md = 001_SystemNet\README.md
	EndProjectSection
EndProject
Project("{2150E333-8FDC-42A3-9474-1A3956D46DE8}") = "01_Lecture", "01_Lecture", "{E87F6B14-94AB-441A-83F7-9109119F73CA}"
EndProject
Project("{FAE04EC0-301F-11D3-BF4B-00C04F79EFBC}") = "Client", "001_SystemNet\01_Lecture\Client\Client.csproj", "{7331A964-ECE0-4B4E-8C48-EE1ECAFC4EB2}"
EndProject
Project("{FAE04EC0-301F-11D3-BF4B-00C04F79EFBC}") = "ClientMultipleIP", "001_SystemNet\01_Lecture\ClientMultipleIP\ClientMultipleIP.csproj", "{A50A72DE-157A-44BC-BD52-C6BBC3971EA9}"
EndProject
Project("{FAE04EC0-301F-11D3-BF4B-00C04F79EFBC}") = "ServerUdp", "001_SystemNet\01_Lecture\ServerUdp\ServerUdp.csproj", "{9C100C62-31BB-44A6-A006-E5FA37DEF1F9}"
EndProject
Global
	GlobalSection(SolutionConfigurationPlatforms) = preSolution
		Debug|Any CPU = Debug|Any CPU
		Release|Any CPU = Release|Any CPU
	EndGlobalSection
	GlobalSection(ProjectConfigurationPlatforms) = postSolution
		{6E44E572-9B53-4FB6-8FFF-DF7C0F0FA81B}.Debug|Any CPU.ActiveCfg = Debug|Any CPU
		{6E44E572-9B53-4FB6-8FFF-DF7C0F0FA81B}.Debug|Any CPU.Build.0 = Debug|Any CPU
		{6E44E572-9B53-4FB6-8FFF-DF7C0F0FA81B}.Release|Any CPU.ActiveCfg = Release|Any CPU
		{6E44E572-9B53-4FB6-8FFF-DF7C0F0FA81B}.Release|Any CPU.Build.0 = Release|Any CPU
		{FF7AC558-A19C-485D-837E-C58C9DD48F60}.Debug|Any CPU.ActiveCfg = Debug|Any CPU
		{FF7AC558-A19C-485D-837E-C58C9DD48F60}.Debug|Any CPU.Build.0 = Debug|Any CPU
		{FF7AC558-A19C-485D-837E-C58C9DD48F60}.Release|Any CPU.ActiveCfg = Release|Any CPU
		{FF7AC558-A19C-485D-837E-C58C9DD48F60}.Release|Any CPU.Build.0 = Release|Any CPU
		{7331A964-ECE0-4B4E-8C48-EE1ECAFC4EB2}.Debug|Any CPU.ActiveCfg = Debug|Any CPU
		{7331A964-ECE0-4B4E-8C48-EE1ECAFC4EB2}.Debug|Any CPU.Build.0 = Debug|Any CPU
		{7331A964-ECE0-4B4E-8C48-EE1ECAFC4EB2}.Release|Any CPU.ActiveCfg = Release|Any CPU
		{7331A964-ECE0-4B4E-8C48-EE1ECAFC4EB2}.Release|Any CPU.Build.0 = Release|Any CPU
		{A50A72DE-157A-44BC-BD52-C6BBC3971EA9}.Debug|Any CPU.ActiveCfg = Debug|Any CPU
		{A50A72DE-157A-44BC-BD52-C6BBC3971EA9}.Debug|Any CPU.Build.0 = Debug|Any CPU
		{A50A72DE-157A-44BC-BD52-C6BBC3971EA9}.Release|Any CPU.ActiveCfg = Release|Any CPU
		{A50A72DE-157A-44BC-BD52-C6BBC3971EA9}.Release|Any CPU.Build.0 = Release|Any CPU
		{9C100C62-31BB-44A6-A006-E5FA37DEF1F9}.Debug|Any CPU.ActiveCfg = Debug|Any CPU
		{9C100C62-31BB-44A6-A006-E5FA37DEF1F9}.Debug|Any CPU.Build.0 = Debug|Any CPU
		{9C100C62-31BB-44A6-A006-E5FA37DEF1F9}.Release|Any CPU.ActiveCfg = Release|Any CPU
		{9C100C62-31BB-44A6-A006-E5FA37DEF1F9}.Release|Any CPU.Build.0 = Release|Any CPU
	EndGlobalSection
	GlobalSection(NestedProjects) = preSolution
		{E87F6B14-94AB-441A-83F7-9109119F73CA} = {79B43CB2-9C7F-44F8-B471-130C90675202}
		{FF7AC558-A19C-485D-837E-C58C9DD48F60} = {E87F6B14-94AB-441A-83F7-9109119F73CA}
		{7331A964-ECE0-4B4E-8C48-EE1ECAFC4EB2} = {E87F6B14-94AB-441A-83F7-9109119F73CA}
		{A50A72DE-157A-44BC-BD52-C6BBC3971EA9} = {E87F6B14-94AB-441A-83F7-9109119F73CA}
		{9C100C62-31BB-44A6-A006-E5FA37DEF1F9} = {E87F6B14-94AB-441A-83F7-9109119F73CA}
	EndGlobalSection
EndGlobal
