
Microsoft Visual Studio Solution File, Format Version 12.00
# Visual Studio Version 17
VisualStudioVersion = 17.8.34330.188
MinimumVisualStudioVersion = 10.0.40219.1
Project("{9A19103F-16F7-4668-BE54-9A1E7A4F7556}") = "CSharpNetAppDevelopment", "CSharpNetAppDevelopment\CSharpNetAppDevelopment.csproj", "{6E44E572-9B53-4FB6-8FFF-DF7C0F0FA81B}"
EndProject
Project("{9A19103F-16F7-4668-BE54-9A1E7A4F7556}") = "Server", "001_SystemNet\01_Lecture\Server\Server.csproj", "{FF7AC558-A19C-485D-837E-C58C9DD48F60}"
EndProject
Project("{2150E333-8FDC-42A3-9474-1A3956D46DE8}") = "001_SystemNet", "001_SystemNet", "{79B43CB2-9C7F-44F8-B471-130C90675202}"
	ProjectSection(SolutionItems) = preProject
		001_SystemNet\README.md = 001_SystemNet\README.md
	EndProjectSection
EndProject
Project("{2150E333-8FDC-42A3-9474-1A3956D46DE8}") = "01_Lecture", "01_Lecture", "{E87F6B14-94AB-441A-83F7-9109119F73CA}"
EndProject
Project("{9A19103F-16F7-4668-BE54-9A1E7A4F7556}") = "Client", "001_SystemNet\01_Lecture\Client\Client.csproj", "{7331A964-ECE0-4B4E-8C48-EE1ECAFC4EB2}"
EndProject
Project("{9A19103F-16F7-4668-BE54-9A1E7A4F7556}") = "ClientMultipleIP", "001_SystemNet\01_Lecture\ClientMultipleIP\ClientMultipleIP.csproj", "{A50A72DE-157A-44BC-BD52-C6BBC3971EA9}"
EndProject
Project("{9A19103F-16F7-4668-BE54-9A1E7A4F7556}") = "ServerUdp", "001_SystemNet\01_Lecture\ServerUdp\ServerUdp.csproj", "{9C100C62-31BB-44A6-A006-E5FA37DEF1F9}"
EndProject
Project("{9A19103F-16F7-4668-BE54-9A1E7A4F7556}") = "ClientUdp", "001_SystemNet\01_Lecture\ClientUdp\ClientUdp.csproj", "{96D547B0-E630-4C59-9F4C-617CCE3C0435}"
EndProject
Project("{9A19103F-16F7-4668-BE54-9A1E7A4F7556}") = "Server", "001_SystemNet\02_Practice\Server\Server.csproj", "{69D1B190-BB1F-42C7-9A7E-191BF48A1381}"
EndProject
Project("{2150E333-8FDC-42A3-9474-1A3956D46DE8}") = "02_Practice", "02_Practice", "{0362261D-FADB-431D-B205-DCF2BA495CE0}"
EndProject
Project("{9A19103F-16F7-4668-BE54-9A1E7A4F7556}") = "Client", "001_SystemNet\02_Practice\Client\Client.csproj", "{1AAA3ECC-636C-4023-A35D-5548B61443BD}"
EndProject
Project("{2150E333-8FDC-42A3-9474-1A3956D46DE8}") = "002_SystemThreading", "002_SystemThreading", "{84D769C7-5FBF-40AA-BBA0-61BD1E21FC28}"
EndProject
Project("{2150E333-8FDC-42A3-9474-1A3956D46DE8}") = "01_Lecture", "01_Lecture", "{970FA945-E533-4255-9FE6-E0C6F1BC8849}"
EndProject
Project("{2150E333-8FDC-42A3-9474-1A3956D46DE8}") = "02_Practice", "02_Practice", "{73FE5D7D-FCAA-4F46-9E36-A1D66EEB83EF}"
EndProject
Project("{9A19103F-16F7-4668-BE54-9A1E7A4F7556}") = "eThreads", "002_SystemThreading\01_Lecture\eThreads\eThreads.csproj", "{8D4DAF5D-5A35-4E2E-8F97-47FDCB89583A}"
EndProject
Project("{9A19103F-16F7-4668-BE54-9A1E7A4F7556}") = "PThreadStart", "002_SystemThreading\01_Lecture\PThreadStart\PThreadStart.csproj", "{380CE3CA-45BE-44F1-9721-4F1DE2232C4A}"
EndProject
Project("{9A19103F-16F7-4668-BE54-9A1E7A4F7556}") = "TDataSlot", "002_SystemThreading\01_Lecture\TDataSlot\TDataSlot.csproj", "{E385841E-B026-4D94-9103-218680E0BCC1}"
EndProject
Project("{9A19103F-16F7-4668-BE54-9A1E7A4F7556}") = "TMutex", "002_SystemThreading\01_Lecture\TMutex\TMutex.csproj", "{C54BE22A-F595-4A81-9EB4-AEAD77376524}"
EndProject
Project("{9A19103F-16F7-4668-BE54-9A1E7A4F7556}") = "ARV", "002_SystemThreading\01_Lecture\ARV\ARV.csproj", "{0D792066-A7F9-4279-8D3E-87C802985C2D}"
EndProject
Project("{9A19103F-16F7-4668-BE54-9A1E7A4F7556}") = "Interlock", "002_SystemThreading\01_Lecture\Interlock\Interlock.csproj", "{4B1D827D-4ECA-414C-8E5E-4AB80B0D1FFC}"
EndProject
Project("{9A19103F-16F7-4668-BE54-9A1E7A4F7556}") = "Server", "002_SystemThreading\02_Practice\Server\Server.csproj", "{A0E73297-C421-489D-93C2-86484F49AFED}"
EndProject
Project("{9A19103F-16F7-4668-BE54-9A1E7A4F7556}") = "Client", "002_SystemThreading\02_Practice\Client\Client.csproj", "{F384B0B1-3CD8-45B3-AB9F-6476D39D5F2E}"
EndProject
Project("{9A19103F-16F7-4668-BE54-9A1E7A4F7556}") = "Practice", "002_SystemThreading\02_Practice\Practice\Practice.csproj", "{5D88B701-056B-4C5F-AE86-0E567E6C68AB}"
EndProject
Project("{2150E333-8FDC-42A3-9474-1A3956D46DE8}") = "003_TaskParallelLibrary", "003_TaskParallelLibrary", "{93143BE2-A9AD-4609-9634-3F22362E8176}"
EndProject
Project("{9A19103F-16F7-4668-BE54-9A1E7A4F7556}") = "01_Lecture", "003_TaskParallelLibrary\01_Lecture\01_Lecture.csproj", "{F6A55638-1EB9-4F60-B93E-6F08A94F80E8}"
EndProject
Project("{2150E333-8FDC-42A3-9474-1A3956D46DE8}") = "01_Lecture", "01_Lecture", "{9612C63E-AA64-4C63-8EA2-7F5FE1FDAA11}"
EndProject
Project("{FAE04EC0-301F-11D3-BF4B-00C04F79EFBC}") = "02_AsynсAwait", "003_TaskParallelLibrary\02_AsynсAwait\02_AsynсAwait.csproj", "{3134685A-79BA-4858-976F-471F3A188E1E}"
EndProject
Project("{2150E333-8FDC-42A3-9474-1A3956D46DE8}") = "02_Practice", "02_Practice", "{22FE1E19-4A8C-4C9E-93CC-63D5EF5A8FC3}"
EndProject
Project("{2150E333-8FDC-42A3-9474-1A3956D46DE8}") = "03_HomeWork", "03_HomeWork", "{E0C0E7FE-982E-4A12-8466-547FF04B0442}"
EndProject
Project("{FAE04EC0-301F-11D3-BF4B-00C04F79EFBC}") = "Practice", "003_TaskParallelLibrary\02_Practice\Practice\Practice.csproj", "{584EBC67-3E09-4BE9-9C91-C5ED10A32EB9}"
EndProject
Project("{FAE04EC0-301F-11D3-BF4B-00C04F79EFBC}") = "Server", "003_TaskParallelLibrary\03_HomeWork\Server\Server.csproj", "{BC878B94-0920-4E39-9B14-2F09A9EE7D69}"
EndProject
Project("{FAE04EC0-301F-11D3-BF4B-00C04F79EFBC}") = "Client", "003_TaskParallelLibrary\03_HomeWork\Client\Client.csproj", "{35BA124E-1EC0-412A-9001-30E431E01298}"
EndProject
Global
	GlobalSection(SolutionConfigurationPlatforms) = preSolution
		Debug|Any CPU = Debug|Any CPU
		Release|Any CPU = Release|Any CPU
	EndGlobalSection
	GlobalSection(ProjectConfigurationPlatforms) = postSolution
		{6E44E572-9B53-4FB6-8FFF-DF7C0F0FA81B}.Debug|Any CPU.ActiveCfg = Debug|Any CPU
		{6E44E572-9B53-4FB6-8FFF-DF7C0F0FA81B}.Debug|Any CPU.Build.0 = Debug|Any CPU
		{6E44E572-9B53-4FB6-8FFF-DF7C0F0FA81B}.Release|Any CPU.ActiveCfg = Release|Any CPU
		{6E44E572-9B53-4FB6-8FFF-DF7C0F0FA81B}.Release|Any CPU.Build.0 = Release|Any CPU
		{FF7AC558-A19C-485D-837E-C58C9DD48F60}.Debug|Any CPU.ActiveCfg = Debug|Any CPU
		{FF7AC558-A19C-485D-837E-C58C9DD48F60}.Debug|Any CPU.Build.0 = Debug|Any CPU
		{FF7AC558-A19C-485D-837E-C58C9DD48F60}.Release|Any CPU.ActiveCfg = Release|Any CPU
		{FF7AC558-A19C-485D-837E-C58C9DD48F60}.Release|Any CPU.Build.0 = Release|Any CPU
		{7331A964-ECE0-4B4E-8C48-EE1ECAFC4EB2}.Debug|Any CPU.ActiveCfg = Debug|Any CPU
		{7331A964-ECE0-4B4E-8C48-EE1ECAFC4EB2}.Debug|Any CPU.Build.0 = Debug|Any CPU
		{7331A964-ECE0-4B4E-8C48-EE1ECAFC4EB2}.Release|Any CPU.ActiveCfg = Release|Any CPU
		{7331A964-ECE0-4B4E-8C48-EE1ECAFC4EB2}.Release|Any CPU.Build.0 = Release|Any CPU
		{A50A72DE-157A-44BC-BD52-C6BBC3971EA9}.Debug|Any CPU.ActiveCfg = Debug|Any CPU
		{A50A72DE-157A-44BC-BD52-C6BBC3971EA9}.Debug|Any CPU.Build.0 = Debug|Any CPU
		{A50A72DE-157A-44BC-BD52-C6BBC3971EA9}.Release|Any CPU.ActiveCfg = Release|Any CPU
		{A50A72DE-157A-44BC-BD52-C6BBC3971EA9}.Release|Any CPU.Build.0 = Release|Any CPU
		{9C100C62-31BB-44A6-A006-E5FA37DEF1F9}.Debug|Any CPU.ActiveCfg = Debug|Any CPU
		{9C100C62-31BB-44A6-A006-E5FA37DEF1F9}.Debug|Any CPU.Build.0 = Debug|Any CPU
		{9C100C62-31BB-44A6-A006-E5FA37DEF1F9}.Release|Any CPU.ActiveCfg = Release|Any CPU
		{9C100C62-31BB-44A6-A006-E5FA37DEF1F9}.Release|Any CPU.Build.0 = Release|Any CPU
		{96D547B0-E630-4C59-9F4C-617CCE3C0435}.Debug|Any CPU.ActiveCfg = Debug|Any CPU
		{96D547B0-E630-4C59-9F4C-617CCE3C0435}.Debug|Any CPU.Build.0 = Debug|Any CPU
		{96D547B0-E630-4C59-9F4C-617CCE3C0435}.Release|Any CPU.ActiveCfg = Release|Any CPU
		{96D547B0-E630-4C59-9F4C-617CCE3C0435}.Release|Any CPU.Build.0 = Release|Any CPU
		{69D1B190-BB1F-42C7-9A7E-191BF48A1381}.Debug|Any CPU.ActiveCfg = Debug|Any CPU
		{69D1B190-BB1F-42C7-9A7E-191BF48A1381}.Debug|Any CPU.Build.0 = Debug|Any CPU
		{69D1B190-BB1F-42C7-9A7E-191BF48A1381}.Release|Any CPU.ActiveCfg = Release|Any CPU
		{69D1B190-BB1F-42C7-9A7E-191BF48A1381}.Release|Any CPU.Build.0 = Release|Any CPU
		{1AAA3ECC-636C-4023-A35D-5548B61443BD}.Debug|Any CPU.ActiveCfg = Debug|Any CPU
		{1AAA3ECC-636C-4023-A35D-5548B61443BD}.Debug|Any CPU.Build.0 = Debug|Any CPU
		{1AAA3ECC-636C-4023-A35D-5548B61443BD}.Release|Any CPU.ActiveCfg = Release|Any CPU
		{1AAA3ECC-636C-4023-A35D-5548B61443BD}.Release|Any CPU.Build.0 = Release|Any CPU
		{8D4DAF5D-5A35-4E2E-8F97-47FDCB89583A}.Debug|Any CPU.ActiveCfg = Debug|Any CPU
		{8D4DAF5D-5A35-4E2E-8F97-47FDCB89583A}.Debug|Any CPU.Build.0 = Debug|Any CPU
		{8D4DAF5D-5A35-4E2E-8F97-47FDCB89583A}.Release|Any CPU.ActiveCfg = Release|Any CPU
		{8D4DAF5D-5A35-4E2E-8F97-47FDCB89583A}.Release|Any CPU.Build.0 = Release|Any CPU
		{380CE3CA-45BE-44F1-9721-4F1DE2232C4A}.Debug|Any CPU.ActiveCfg = Debug|Any CPU
		{380CE3CA-45BE-44F1-9721-4F1DE2232C4A}.Debug|Any CPU.Build.0 = Debug|Any CPU
		{380CE3CA-45BE-44F1-9721-4F1DE2232C4A}.Release|Any CPU.ActiveCfg = Release|Any CPU
		{380CE3CA-45BE-44F1-9721-4F1DE2232C4A}.Release|Any CPU.Build.0 = Release|Any CPU
		{E385841E-B026-4D94-9103-218680E0BCC1}.Debug|Any CPU.ActiveCfg = Debug|Any CPU
		{E385841E-B026-4D94-9103-218680E0BCC1}.Debug|Any CPU.Build.0 = Debug|Any CPU
		{E385841E-B026-4D94-9103-218680E0BCC1}.Release|Any CPU.ActiveCfg = Release|Any CPU
		{E385841E-B026-4D94-9103-218680E0BCC1}.Release|Any CPU.Build.0 = Release|Any CPU
		{C54BE22A-F595-4A81-9EB4-AEAD77376524}.Debug|Any CPU.ActiveCfg = Debug|Any CPU
		{C54BE22A-F595-4A81-9EB4-AEAD77376524}.Debug|Any CPU.Build.0 = Debug|Any CPU
		{C54BE22A-F595-4A81-9EB4-AEAD77376524}.Release|Any CPU.ActiveCfg = Release|Any CPU
		{C54BE22A-F595-4A81-9EB4-AEAD77376524}.Release|Any CPU.Build.0 = Release|Any CPU
		{0D792066-A7F9-4279-8D3E-87C802985C2D}.Debug|Any CPU.ActiveCfg = Debug|Any CPU
		{0D792066-A7F9-4279-8D3E-87C802985C2D}.Debug|Any CPU.Build.0 = Debug|Any CPU
		{0D792066-A7F9-4279-8D3E-87C802985C2D}.Release|Any CPU.ActiveCfg = Release|Any CPU
		{0D792066-A7F9-4279-8D3E-87C802985C2D}.Release|Any CPU.Build.0 = Release|Any CPU
		{4B1D827D-4ECA-414C-8E5E-4AB80B0D1FFC}.Debug|Any CPU.ActiveCfg = Debug|Any CPU
		{4B1D827D-4ECA-414C-8E5E-4AB80B0D1FFC}.Debug|Any CPU.Build.0 = Debug|Any CPU
		{4B1D827D-4ECA-414C-8E5E-4AB80B0D1FFC}.Release|Any CPU.ActiveCfg = Release|Any CPU
		{4B1D827D-4ECA-414C-8E5E-4AB80B0D1FFC}.Release|Any CPU.Build.0 = Release|Any CPU
		{A0E73297-C421-489D-93C2-86484F49AFED}.Debug|Any CPU.ActiveCfg = Debug|Any CPU
		{A0E73297-C421-489D-93C2-86484F49AFED}.Debug|Any CPU.Build.0 = Debug|Any CPU
		{A0E73297-C421-489D-93C2-86484F49AFED}.Release|Any CPU.ActiveCfg = Release|Any CPU
		{A0E73297-C421-489D-93C2-86484F49AFED}.Release|Any CPU.Build.0 = Release|Any CPU
		{F384B0B1-3CD8-45B3-AB9F-6476D39D5F2E}.Debug|Any CPU.ActiveCfg = Debug|Any CPU
		{F384B0B1-3CD8-45B3-AB9F-6476D39D5F2E}.Debug|Any CPU.Build.0 = Debug|Any CPU
		{F384B0B1-3CD8-45B3-AB9F-6476D39D5F2E}.Release|Any CPU.ActiveCfg = Release|Any CPU
		{F384B0B1-3CD8-45B3-AB9F-6476D39D5F2E}.Release|Any CPU.Build.0 = Release|Any CPU
		{5D88B701-056B-4C5F-AE86-0E567E6C68AB}.Debug|Any CPU.ActiveCfg = Debug|Any CPU
		{5D88B701-056B-4C5F-AE86-0E567E6C68AB}.Debug|Any CPU.Build.0 = Debug|Any CPU
		{5D88B701-056B-4C5F-AE86-0E567E6C68AB}.Release|Any CPU.ActiveCfg = Release|Any CPU
		{5D88B701-056B-4C5F-AE86-0E567E6C68AB}.Release|Any CPU.Build.0 = Release|Any CPU
		{F6A55638-1EB9-4F60-B93E-6F08A94F80E8}.Debug|Any CPU.ActiveCfg = Debug|Any CPU
		{F6A55638-1EB9-4F60-B93E-6F08A94F80E8}.Debug|Any CPU.Build.0 = Debug|Any CPU
		{F6A55638-1EB9-4F60-B93E-6F08A94F80E8}.Release|Any CPU.ActiveCfg = Release|Any CPU
		{F6A55638-1EB9-4F60-B93E-6F08A94F80E8}.Release|Any CPU.Build.0 = Release|Any CPU
		{3134685A-79BA-4858-976F-471F3A188E1E}.Debug|Any CPU.ActiveCfg = Debug|Any CPU
		{3134685A-79BA-4858-976F-471F3A188E1E}.Debug|Any CPU.Build.0 = Debug|Any CPU
		{3134685A-79BA-4858-976F-471F3A188E1E}.Release|Any CPU.ActiveCfg = Release|Any CPU
		{3134685A-79BA-4858-976F-471F3A188E1E}.Release|Any CPU.Build.0 = Release|Any CPU
		{584EBC67-3E09-4BE9-9C91-C5ED10A32EB9}.Debug|Any CPU.ActiveCfg = Debug|Any CPU
		{584EBC67-3E09-4BE9-9C91-C5ED10A32EB9}.Debug|Any CPU.Build.0 = Debug|Any CPU
		{584EBC67-3E09-4BE9-9C91-C5ED10A32EB9}.Release|Any CPU.ActiveCfg = Release|Any CPU
		{584EBC67-3E09-4BE9-9C91-C5ED10A32EB9}.Release|Any CPU.Build.0 = Release|Any CPU
		{BC878B94-0920-4E39-9B14-2F09A9EE7D69}.Debug|Any CPU.ActiveCfg = Debug|Any CPU
		{BC878B94-0920-4E39-9B14-2F09A9EE7D69}.Debug|Any CPU.Build.0 = Debug|Any CPU
		{BC878B94-0920-4E39-9B14-2F09A9EE7D69}.Release|Any CPU.ActiveCfg = Release|Any CPU
		{BC878B94-0920-4E39-9B14-2F09A9EE7D69}.Release|Any CPU.Build.0 = Release|Any CPU
		{35BA124E-1EC0-412A-9001-30E431E01298}.Debug|Any CPU.ActiveCfg = Debug|Any CPU
		{35BA124E-1EC0-412A-9001-30E431E01298}.Debug|Any CPU.Build.0 = Debug|Any CPU
		{35BA124E-1EC0-412A-9001-30E431E01298}.Release|Any CPU.ActiveCfg = Release|Any CPU
		{35BA124E-1EC0-412A-9001-30E431E01298}.Release|Any CPU.Build.0 = Release|Any CPU
	EndGlobalSection
	GlobalSection(SolutionProperties) = preSolution
		HideSolutionNode = FALSE
	EndGlobalSection
	GlobalSection(NestedProjects) = preSolution
		{FF7AC558-A19C-485D-837E-C58C9DD48F60} = {E87F6B14-94AB-441A-83F7-9109119F73CA}
		{E87F6B14-94AB-441A-83F7-9109119F73CA} = {79B43CB2-9C7F-44F8-B471-130C90675202}
		{7331A964-ECE0-4B4E-8C48-EE1ECAFC4EB2} = {E87F6B14-94AB-441A-83F7-9109119F73CA}
		{A50A72DE-157A-44BC-BD52-C6BBC3971EA9} = {E87F6B14-94AB-441A-83F7-9109119F73CA}
		{9C100C62-31BB-44A6-A006-E5FA37DEF1F9} = {E87F6B14-94AB-441A-83F7-9109119F73CA}
		{96D547B0-E630-4C59-9F4C-617CCE3C0435} = {E87F6B14-94AB-441A-83F7-9109119F73CA}
		{69D1B190-BB1F-42C7-9A7E-191BF48A1381} = {0362261D-FADB-431D-B205-DCF2BA495CE0}
		{0362261D-FADB-431D-B205-DCF2BA495CE0} = {79B43CB2-9C7F-44F8-B471-130C90675202}
		{1AAA3ECC-636C-4023-A35D-5548B61443BD} = {0362261D-FADB-431D-B205-DCF2BA495CE0}
		{970FA945-E533-4255-9FE6-E0C6F1BC8849} = {84D769C7-5FBF-40AA-BBA0-61BD1E21FC28}
		{73FE5D7D-FCAA-4F46-9E36-A1D66EEB83EF} = {84D769C7-5FBF-40AA-BBA0-61BD1E21FC28}
		{8D4DAF5D-5A35-4E2E-8F97-47FDCB89583A} = {970FA945-E533-4255-9FE6-E0C6F1BC8849}
		{380CE3CA-45BE-44F1-9721-4F1DE2232C4A} = {970FA945-E533-4255-9FE6-E0C6F1BC8849}
		{E385841E-B026-4D94-9103-218680E0BCC1} = {970FA945-E533-4255-9FE6-E0C6F1BC8849}
		{C54BE22A-F595-4A81-9EB4-AEAD77376524} = {970FA945-E533-4255-9FE6-E0C6F1BC8849}
		{0D792066-A7F9-4279-8D3E-87C802985C2D} = {970FA945-E533-4255-9FE6-E0C6F1BC8849}
		{4B1D827D-4ECA-414C-8E5E-4AB80B0D1FFC} = {970FA945-E533-4255-9FE6-E0C6F1BC8849}
		{A0E73297-C421-489D-93C2-86484F49AFED} = {73FE5D7D-FCAA-4F46-9E36-A1D66EEB83EF}
		{F384B0B1-3CD8-45B3-AB9F-6476D39D5F2E} = {73FE5D7D-FCAA-4F46-9E36-A1D66EEB83EF}
		{5D88B701-056B-4C5F-AE86-0E567E6C68AB} = {73FE5D7D-FCAA-4F46-9E36-A1D66EEB83EF}
		{F6A55638-1EB9-4F60-B93E-6F08A94F80E8} = {9612C63E-AA64-4C63-8EA2-7F5FE1FDAA11}
		{9612C63E-AA64-4C63-8EA2-7F5FE1FDAA11} = {93143BE2-A9AD-4609-9634-3F22362E8176}
		{3134685A-79BA-4858-976F-471F3A188E1E} = {9612C63E-AA64-4C63-8EA2-7F5FE1FDAA11}
		{22FE1E19-4A8C-4C9E-93CC-63D5EF5A8FC3} = {93143BE2-A9AD-4609-9634-3F22362E8176}
		{E0C0E7FE-982E-4A12-8466-547FF04B0442} = {93143BE2-A9AD-4609-9634-3F22362E8176}
		{584EBC67-3E09-4BE9-9C91-C5ED10A32EB9} = {22FE1E19-4A8C-4C9E-93CC-63D5EF5A8FC3}
		{BC878B94-0920-4E39-9B14-2F09A9EE7D69} = {E0C0E7FE-982E-4A12-8466-547FF04B0442}
		{35BA124E-1EC0-412A-9001-30E431E01298} = {E0C0E7FE-982E-4A12-8466-547FF04B0442}
	EndGlobalSection
	GlobalSection(ExtensibilityGlobals) = postSolution
		SolutionGuid = {9F15514E-1280-4601-89F5-C5715D8F06B0}
	EndGlobalSection
EndGlobal
